
Microsoft Visual Studio Solution File, Format Version 12.00
# Visual Studio 2013
VisualStudioVersion = 12.0.30723.0
MinimumVisualStudioVersion = 10.0.40219.1
Project("{FAE04EC0-301F-11D3-BF4B-00C04F79EFBC}") = "WorkingTime", "WorkingTime\WorkingTime.csproj", "{3C786D52-084B-4608-9A27-2622A93E1784}"
EndProject
Project("{FAE04EC0-301F-11D3-BF4B-00C04F79EFBC}") = "WorkingTime.Library", "WorkingTime.Library\WorkingTime.Library.csproj", "{BEA75EBA-48FC-4332-92C8-FECF7550CA15}"
EndProject
Project("{FAE04EC0-301F-11D3-BF4B-00C04F79EFBC}") = "WorkingTime.Tests", "WorkingTime.Tests\WorkingTime.Tests.csproj", "{BF74D694-3E5B-4FD9-8E2A-46843069C7DB}"
EndProject
Project("{FAE04EC0-301F-11D3-BF4B-00C04F79EFBC}") = "WorkingTime.WPF", "WorkingTime.WPF\WorkingTime.WPF.csproj", "{A9B94439-E9C4-49E4-B1F5-7175D4AAFCAE}"
EndProject
Global
	GlobalSection(SolutionConfigurationPlatforms) = preSolution
		Debug|Any CPU = Debug|Any CPU
		Release|Any CPU = Release|Any CPU
	EndGlobalSection
	GlobalSection(ProjectConfigurationPlatforms) = postSolution
		{3C786D52-084B-4608-9A27-2622A93E1784}.Debug|Any CPU.ActiveCfg = Debug|Any CPU
		{3C786D52-084B-4608-9A27-2622A93E1784}.Debug|Any CPU.Build.0 = Debug|Any CPU
		{3C786D52-084B-4608-9A27-2622A93E1784}.Release|Any CPU.ActiveCfg = Release|Any CPU
		{3C786D52-084B-4608-9A27-2622A93E1784}.Release|Any CPU.Build.0 = Release|Any CPU
		{BEA75EBA-48FC-4332-92C8-FECF7550CA15}.Debug|Any CPU.ActiveCfg = Debug|Any CPU
		{BEA75EBA-48FC-4332-92C8-FECF7550CA15}.Debug|Any CPU.Build.0 = Debug|Any CPU
		{BEA75EBA-48FC-4332-92C8-FECF7550CA15}.Release|Any CPU.ActiveCfg = Release|Any CPU
		{BEA75EBA-48FC-4332-92C8-FECF7550CA15}.Release|Any CPU.Build.0 = Release|Any CPU
		{BF74D694-3E5B-4FD9-8E2A-46843069C7DB}.Debug|Any CPU.ActiveCfg = Debug|Any CPU
		{BF74D694-3E5B-4FD9-8E2A-46843069C7DB}.Debug|Any CPU.Build.0 = Debug|Any CPU
		{BF74D694-3E5B-4FD9-8E2A-46843069C7DB}.Release|Any CPU.ActiveCfg = Release|Any CPU
		{BF74D694-3E5B-4FD9-8E2A-46843069C7DB}.Release|Any CPU.Build.0 = Release|Any CPU
		{A9B94439-E9C4-49E4-B1F5-7175D4AAFCAE}.Debug|Any CPU.ActiveCfg = Debug|Any CPU
		{A9B94439-E9C4-49E4-B1F5-7175D4AAFCAE}.Debug|Any CPU.Build.0 = Debug|Any CPU
		{A9B94439-E9C4-49E4-B1F5-7175D4AAFCAE}.Release|Any CPU.ActiveCfg = Release|Any CPU
		{A9B94439-E9C4-49E4-B1F5-7175D4AAFCAE}.Release|Any CPU.Build.0 = Release|Any CPU
	EndGlobalSection
	GlobalSection(SolutionProperties) = preSolution
		HideSolutionNode = FALSE
	EndGlobalSection
EndGlobal
